// !$*UTF8*$!
{
	archiveVersion = 1;
	classes = {
	};
	objectVersion = 56;
	objects = {

/* Begin PBXBuildFile section */
		E22F02682A38D45B00F371AE /* MetaMatchApp.swift in Sources */ = {isa = PBXBuildFile; fileRef = E22F02672A38D45B00F371AE /* MetaMatchApp.swift */; };
		E22F026A2A38D45B00F371AE /* ContentView.swift in Sources */ = {isa = PBXBuildFile; fileRef = E22F02692A38D45B00F371AE /* ContentView.swift */; };
		E22F026C2A38D45D00F371AE /* Assets.xcassets in Resources */ = {isa = PBXBuildFile; fileRef = E22F026B2A38D45D00F371AE /* Assets.xcassets */; };
		E22F026F2A38D45D00F371AE /* Preview Assets.xcassets in Resources */ = {isa = PBXBuildFile; fileRef = E22F026E2A38D45D00F371AE /* Preview Assets.xcassets */; };
		E22F02792A38D45D00F371AE /* MetaMatchTests.swift in Sources */ = {isa = PBXBuildFile; fileRef = E22F02782A38D45D00F371AE /* MetaMatchTests.swift */; };
		E22F02832A38D45D00F371AE /* MetaMatchUITests.swift in Sources */ = {isa = PBXBuildFile; fileRef = E22F02822A38D45D00F371AE /* MetaMatchUITests.swift */; };
		E22F02852A38D45D00F371AE /* MetaMatchUITestsLaunchTests.swift in Sources */ = {isa = PBXBuildFile; fileRef = E22F02842A38D45D00F371AE /* MetaMatchUITestsLaunchTests.swift */; };
/* End PBXBuildFile section */

/* Begin PBXContainerItemProxy section */
		E22F02752A38D45D00F371AE /* PBXContainerItemProxy */ = {
			isa = PBXContainerItemProxy;
			containerPortal = E22F025C2A38D45B00F371AE /* Project object */;
			proxyType = 1;
			remoteGlobalIDString = E22F02632A38D45B00F371AE;
			remoteInfo = MetaMatch;
		};
		E22F027F2A38D45D00F371AE /* PBXContainerItemProxy */ = {
			isa = PBXContainerItemProxy;
			containerPortal = E22F025C2A38D45B00F371AE /* Project object */;
			proxyType = 1;
			remoteGlobalIDString = E22F02632A38D45B00F371AE;
			remoteInfo = MetaMatch;
		};
/* End PBXContainerItemProxy section */

/* Begin PBXFileReference section */
		E22F02642A38D45B00F371AE /* MetaMatch.app */ = {isa = PBXFileReference; explicitFileType = wrapper.application; includeInIndex = 0; path = MetaMatch.app; sourceTree = BUILT_PRODUCTS_DIR; };
		E22F02672A38D45B00F371AE /* MetaMatchApp.swift */ = {isa = PBXFileReference; lastKnownFileType = sourcecode.swift; path = MetaMatchApp.swift; sourceTree = "<group>"; };
		E22F02692A38D45B00F371AE /* ContentView.swift */ = {isa = PBXFileReference; lastKnownFileType = sourcecode.swift; path = ContentView.swift; sourceTree = "<group>"; };
		E22F026B2A38D45D00F371AE /* Assets.xcassets */ = {isa = PBXFileReference; lastKnownFileType = folder.assetcatalog; path = Assets.xcassets; sourceTree = "<group>"; };
		E22F026E2A38D45D00F371AE /* Preview Assets.xcassets */ = {isa = PBXFileReference; lastKnownFileType = folder.assetcatalog; path = "Preview Assets.xcassets"; sourceTree = "<group>"; };
		E22F02742A38D45D00F371AE /* MetaMatchTests.xctest */ = {isa = PBXFileReference; explicitFileType = wrapper.cfbundle; includeInIndex = 0; path = MetaMatchTests.xctest; sourceTree = BUILT_PRODUCTS_DIR; };
		E22F02782A38D45D00F371AE /* MetaMatchTests.swift */ = {isa = PBXFileReference; lastKnownFileType = sourcecode.swift; path = MetaMatchTests.swift; sourceTree = "<group>"; };
		E22F027E2A38D45D00F371AE /* MetaMatchUITests.xctest */ = {isa = PBXFileReference; explicitFileType = wrapper.cfbundle; includeInIndex = 0; path = MetaMatchUITests.xctest; sourceTree = BUILT_PRODUCTS_DIR; };
		E22F02822A38D45D00F371AE /* MetaMatchUITests.swift */ = {isa = PBXFileReference; lastKnownFileType = sourcecode.swift; path = MetaMatchUITests.swift; sourceTree = "<group>"; };
		E22F02842A38D45D00F371AE /* MetaMatchUITestsLaunchTests.swift */ = {isa = PBXFileReference; lastKnownFileType = sourcecode.swift; path = MetaMatchUITestsLaunchTests.swift; sourceTree = "<group>"; };
/* End PBXFileReference section */

/* Begin PBXFrameworksBuildPhase section */
		E22F02612A38D45B00F371AE /* Frameworks */ = {
			isa = PBXFrameworksBuildPhase;
			buildActionMask = 2147483647;
			files = (
			);
			runOnlyForDeploymentPostprocessing = 0;
		};
		E22F02712A38D45D00F371AE /* Frameworks */ = {
			isa = PBXFrameworksBuildPhase;
			buildActionMask = 2147483647;
			files = (
			);
			runOnlyForDeploymentPostprocessing = 0;
		};
		E22F027B2A38D45D00F371AE /* Frameworks */ = {
			isa = PBXFrameworksBuildPhase;
			buildActionMask = 2147483647;
			files = (
			);
			runOnlyForDeploymentPostprocessing = 0;
		};
/* End PBXFrameworksBuildPhase section */

/* Begin PBXGroup section */
		E22F025B2A38D45B00F371AE = {
			isa = PBXGroup;
			children = (
				E22F02662A38D45B00F371AE /* MetaMatch */,
				E22F02772A38D45D00F371AE /* MetaMatchTests */,
				E22F02812A38D45D00F371AE /* MetaMatchUITests */,
				E22F02652A38D45B00F371AE /* Products */,
			);
			sourceTree = "<group>";
		};
		E22F02652A38D45B00F371AE /* Products */ = {
			isa = PBXGroup;
			children = (
				E22F02642A38D45B00F371AE /* MetaMatch.app */,
				E22F02742A38D45D00F371AE /* MetaMatchTests.xctest */,
				E22F027E2A38D45D00F371AE /* MetaMatchUITests.xctest */,
			);
			name = Products;
			sourceTree = "<group>";
		};
		E22F02662A38D45B00F371AE /* MetaMatch */ = {
			isa = PBXGroup;
			children = (
				E22F02672A38D45B00F371AE /* MetaMatchApp.swift */,
				E22F02692A38D45B00F371AE /* ContentView.swift */,
				E22F026B2A38D45D00F371AE /* Assets.xcassets */,
				E22F026D2A38D45D00F371AE /* Preview Content */,
			);
			path = MetaMatch;
			sourceTree = "<group>";
		};
		E22F026D2A38D45D00F371AE /* Preview Content */ = {
			isa = PBXGroup;
			children = (
				E22F026E2A38D45D00F371AE /* Preview Assets.xcassets */,
			);
			path = "Preview Content";
			sourceTree = "<group>";
		};
		E22F02772A38D45D00F371AE /* MetaMatchTests */ = {
			isa = PBXGroup;
			children = (
				E22F02782A38D45D00F371AE /* MetaMatchTests.swift */,
			);
			path = MetaMatchTests;
			sourceTree = "<group>";
		};
		E22F02812A38D45D00F371AE /* MetaMatchUITests */ = {
			isa = PBXGroup;
			children = (
				E22F02822A38D45D00F371AE /* MetaMatchUITests.swift */,
				E22F02842A38D45D00F371AE /* MetaMatchUITestsLaunchTests.swift */,
			);
			path = MetaMatchUITests;
			sourceTree = "<group>";
		};
/* End PBXGroup section */

/* Begin PBXNativeTarget section */
		E22F02632A38D45B00F371AE /* MetaMatch */ = {
			isa = PBXNativeTarget;
			buildConfigurationList = E22F02882A38D45D00F371AE /* Build configuration list for PBXNativeTarget "MetaMatch" */;
			buildPhases = (
				E22F02602A38D45B00F371AE /* Sources */,
				E22F02612A38D45B00F371AE /* Frameworks */,
				E22F02622A38D45B00F371AE /* Resources */,
			);
			buildRules = (
			);
			dependencies = (
			);
			name = MetaMatch;
			productName = MetaMatch;
			productReference = E22F02642A38D45B00F371AE /* MetaMatch.app */;
			productType = "com.apple.product-type.application";
		};
		E22F02732A38D45D00F371AE /* MetaMatchTests */ = {
			isa = PBXNativeTarget;
			buildConfigurationList = E22F028B2A38D45D00F371AE /* Build configuration list for PBXNativeTarget "MetaMatchTests" */;
			buildPhases = (
				E22F02702A38D45D00F371AE /* Sources */,
				E22F02712A38D45D00F371AE /* Frameworks */,
				E22F02722A38D45D00F371AE /* Resources */,
			);
			buildRules = (
			);
			dependencies = (
				E22F02762A38D45D00F371AE /* PBXTargetDependency */,
			);
			name = MetaMatchTests;
			productName = MetaMatchTests;
			productReference = E22F02742A38D45D00F371AE /* MetaMatchTests.xctest */;
			productType = "com.apple.product-type.bundle.unit-test";
		};
		E22F027D2A38D45D00F371AE /* MetaMatchUITests */ = {
			isa = PBXNativeTarget;
			buildConfigurationList = E22F028E2A38D45D00F371AE /* Build configuration list for PBXNativeTarget "MetaMatchUITests" */;
			buildPhases = (
				E22F027A2A38D45D00F371AE /* Sources */,
				E22F027B2A38D45D00F371AE /* Frameworks */,
				E22F027C2A38D45D00F371AE /* Resources */,
			);
			buildRules = (
			);
			dependencies = (
				E22F02802A38D45D00F371AE /* PBXTargetDependency */,
			);
			name = MetaMatchUITests;
			productName = MetaMatchUITests;
			productReference = E22F027E2A38D45D00F371AE /* MetaMatchUITests.xctest */;
			productType = "com.apple.product-type.bundle.ui-testing";
		};
/* End PBXNativeTarget section */

/* Begin PBXProject section */
		E22F025C2A38D45B00F371AE /* Project object */ = {
			isa = PBXProject;
			attributes = {
				BuildIndependentTargetsInParallel = 1;
				LastSwiftUpdateCheck = 1430;
				LastUpgradeCheck = 1430;
				TargetAttributes = {
					E22F02632A38D45B00F371AE = {
						CreatedOnToolsVersion = 14.3;
					};
					E22F02732A38D45D00F371AE = {
						CreatedOnToolsVersion = 14.3;
						TestTargetID = E22F02632A38D45B00F371AE;
					};
					E22F027D2A38D45D00F371AE = {
						CreatedOnToolsVersion = 14.3;
						TestTargetID = E22F02632A38D45B00F371AE;
					};
				};
			};
			buildConfigurationList = E22F025F2A38D45B00F371AE /* Build configuration list for PBXProject "MetaMatch" */;
			compatibilityVersion = "Xcode 14.0";
			developmentRegion = en;
			hasScannedForEncodings = 0;
			knownRegions = (
				en,
				Base,
			);
			mainGroup = E22F025B2A38D45B00F371AE;
			productRefGroup = E22F02652A38D45B00F371AE /* Products */;
			projectDirPath = "";
			projectRoot = "";
			targets = (
				E22F02632A38D45B00F371AE /* MetaMatch */,
				E22F02732A38D45D00F371AE /* MetaMatchTests */,
				E22F027D2A38D45D00F371AE /* MetaMatchUITests */,
			);
		};
/* End PBXProject section */

/* Begin PBXResourcesBuildPhase section */
		E22F02622A38D45B00F371AE /* Resources */ = {
			isa = PBXResourcesBuildPhase;
			buildActionMask = 2147483647;
			files = (
				E22F026F2A38D45D00F371AE /* Preview Assets.xcassets in Resources */,
				E22F026C2A38D45D00F371AE /* Assets.xcassets in Resources */,
			);
			runOnlyForDeploymentPostprocessing = 0;
		};
		E22F02722A38D45D00F371AE /* Resources */ = {
			isa = PBXResourcesBuildPhase;
			buildActionMask = 2147483647;
			files = (
			);
			runOnlyForDeploymentPostprocessing = 0;
		};
		E22F027C2A38D45D00F371AE /* Resources */ = {
			isa = PBXResourcesBuildPhase;
			buildActionMask = 2147483647;
			files = (
			);
			runOnlyForDeploymentPostprocessing = 0;
		};
/* End PBXResourcesBuildPhase section */

/* Begin PBXSourcesBuildPhase section */
		E22F02602A38D45B00F371AE /* Sources */ = {
			isa = PBXSourcesBuildPhase;
			buildActionMask = 2147483647;
			files = (
				E22F026A2A38D45B00F371AE /* ContentView.swift in Sources */,
				E22F02682A38D45B00F371AE /* MetaMatchApp.swift in Sources */,
			);
			runOnlyForDeploymentPostprocessing = 0;
		};
		E22F02702A38D45D00F371AE /* Sources */ = {
			isa = PBXSourcesBuildPhase;
			buildActionMask = 2147483647;
			files = (
				E22F02792A38D45D00F371AE /* MetaMatchTests.swift in Sources */,
			);
			runOnlyForDeploymentPostprocessing = 0;
		};
		E22F027A2A38D45D00F371AE /* Sources */ = {
			isa = PBXSourcesBuildPhase;
			buildActionMask = 2147483647;
			files = (
				E22F02832A38D45D00F371AE /* MetaMatchUITests.swift in Sources */,
				E22F02852A38D45D00F371AE /* MetaMatchUITestsLaunchTests.swift in Sources */,
			);
			runOnlyForDeploymentPostprocessing = 0;
		};
/* End PBXSourcesBuildPhase section */

/* Begin PBXTargetDependency section */
		E22F02762A38D45D00F371AE /* PBXTargetDependency */ = {
			isa = PBXTargetDependency;
			target = E22F02632A38D45B00F371AE /* MetaMatch */;
			targetProxy = E22F02752A38D45D00F371AE /* PBXContainerItemProxy */;
		};
		E22F02802A38D45D00F371AE /* PBXTargetDependency */ = {
			isa = PBXTargetDependency;
			target = E22F02632A38D45B00F371AE /* MetaMatch */;
			targetProxy = E22F027F2A38D45D00F371AE /* PBXContainerItemProxy */;
		};
/* End PBXTargetDependency section */

/* Begin XCBuildConfiguration section */
		E22F02862A38D45D00F371AE /* Debug */ = {
			isa = XCBuildConfiguration;
			buildSettings = {
				ALWAYS_SEARCH_USER_PATHS = NO;
				CLANG_ANALYZER_NONNULL = YES;
				CLANG_ANALYZER_NUMBER_OBJECT_CONVERSION = YES_AGGRESSIVE;
				CLANG_CXX_LANGUAGE_STANDARD = "gnu++20";
				CLANG_ENABLE_MODULES = YES;
				CLANG_ENABLE_OBJC_ARC = YES;
				CLANG_ENABLE_OBJC_WEAK = YES;
				CLANG_WARN_BLOCK_CAPTURE_AUTORELEASING = YES;
				CLANG_WARN_BOOL_CONVERSION = YES;
				CLANG_WARN_COMMA = YES;
				CLANG_WARN_CONSTANT_CONVERSION = YES;
				CLANG_WARN_DEPRECATED_OBJC_IMPLEMENTATIONS = YES;
				CLANG_WARN_DIRECT_OBJC_ISA_USAGE = YES_ERROR;
				CLANG_WARN_DOCUMENTATION_COMMENTS = YES;
				CLANG_WARN_EMPTY_BODY = YES;
				CLANG_WARN_ENUM_CONVERSION = YES;
				CLANG_WARN_INFINITE_RECURSION = YES;
				CLANG_WARN_INT_CONVERSION = YES;
				CLANG_WARN_NON_LITERAL_NULL_CONVERSION = YES;
				CLANG_WARN_OBJC_IMPLICIT_RETAIN_SELF = YES;
				CLANG_WARN_OBJC_LITERAL_CONVERSION = YES;
				CLANG_WARN_OBJC_ROOT_CLASS = YES_ERROR;
				CLANG_WARN_QUOTED_INCLUDE_IN_FRAMEWORK_HEADER = YES;
				CLANG_WARN_RANGE_LOOP_ANALYSIS = YES;
				CLANG_WARN_STRICT_PROTOTYPES = YES;
				CLANG_WARN_SUSPICIOUS_MOVE = YES;
				CLANG_WARN_UNGUARDED_AVAILABILITY = YES_AGGRESSIVE;
				CLANG_WARN_UNREACHABLE_CODE = YES;
				CLANG_WARN__DUPLICATE_METHOD_MATCH = YES;
				COPY_PHASE_STRIP = NO;
				DEBUG_INFORMATION_FORMAT = dwarf;
				ENABLE_STRICT_OBJC_MSGSEND = YES;
				ENABLE_TESTABILITY = YES;
				GCC_C_LANGUAGE_STANDARD = gnu11;
				GCC_DYNAMIC_NO_PIC = NO;
				GCC_NO_COMMON_BLOCKS = YES;
				GCC_OPTIMIZATION_LEVEL = 0;
				GCC_PREPROCESSOR_DEFINITIONS = (
					"DEBUG=1",
					"$(inherited)",
				);
				GCC_WARN_64_TO_32_BIT_CONVERSION = YES;
				GCC_WARN_ABOUT_RETURN_TYPE = YES_ERROR;
				GCC_WARN_UNDECLARED_SELECTOR = YES;
				GCC_WARN_UNINITIALIZED_AUTOS = YES_AGGRESSIVE;
				GCC_WARN_UNUSED_FUNCTION = YES;
				GCC_WARN_UNUSED_VARIABLE = YES;
				IPHONEOS_DEPLOYMENT_TARGET = 16.4;
				MTL_ENABLE_DEBUG_INFO = INCLUDE_SOURCE;
				MTL_FAST_MATH = YES;
				ONLY_ACTIVE_ARCH = YES;
				SDKROOT = iphoneos;
				SWIFT_ACTIVE_COMPILATION_CONDITIONS = DEBUG;
				SWIFT_OPTIMIZATION_LEVEL = "-Onone";
			};
			name = Debug;
		};
		E22F02872A38D45D00F371AE /* Release */ = {
			isa = XCBuildConfiguration;
			buildSettings = {
				ALWAYS_SEARCH_USER_PATHS = NO;
				CLANG_ANALYZER_NONNULL = YES;
				CLANG_ANALYZER_NUMBER_OBJECT_CONVERSION = YES_AGGRESSIVE;
				CLANG_CXX_LANGUAGE_STANDARD = "gnu++20";
				CLANG_ENABLE_MODULES = YES;
				CLANG_ENABLE_OBJC_ARC = YES;
				CLANG_ENABLE_OBJC_WEAK = YES;
				CLANG_WARN_BLOCK_CAPTURE_AUTORELEASING = YES;
				CLANG_WARN_BOOL_CONVERSION = YES;
				CLANG_WARN_COMMA = YES;
				CLANG_WARN_CONSTANT_CONVERSION = YES;
				CLANG_WARN_DEPRECATED_OBJC_IMPLEMENTATIONS = YES;
				CLANG_WARN_DIRECT_OBJC_ISA_USAGE = YES_ERROR;
				CLANG_WARN_DOCUMENTATION_COMMENTS = YES;
				CLANG_WARN_EMPTY_BODY = YES;
				CLANG_WARN_ENUM_CONVERSION = YES;
				CLANG_WARN_INFINITE_RECURSION = YES;
				CLANG_WARN_INT_CONVERSION = YES;
				CLANG_WARN_NON_LITERAL_NULL_CONVERSION = YES;
				CLANG_WARN_OBJC_IMPLICIT_RETAIN_SELF = YES;
				CLANG_WARN_OBJC_LITERAL_CONVERSION = YES;
				CLANG_WARN_OBJC_ROOT_CLASS = YES_ERROR;
				CLANG_WARN_QUOTED_INCLUDE_IN_FRAMEWORK_HEADER = YES;
				CLANG_WARN_RANGE_LOOP_ANALYSIS = YES;
				CLANG_WARN_STRICT_PROTOTYPES = YES;
				CLANG_WARN_SUSPICIOUS_MOVE = YES;
				CLANG_WARN_UNGUARDED_AVAILABILITY = YES_AGGRESSIVE;
				CLANG_WARN_UNREACHABLE_CODE = YES;
				CLANG_WARN__DUPLICATE_METHOD_MATCH = YES;
				COPY_PHASE_STRIP = NO;
				DEBUG_INFORMATION_FORMAT = "dwarf-with-dsym";
				ENABLE_NS_ASSERTIONS = NO;
				ENABLE_STRICT_OBJC_MSGSEND = YES;
				GCC_C_LANGUAGE_STANDARD = gnu11;
				GCC_NO_COMMON_BLOCKS = YES;
				GCC_WARN_64_TO_32_BIT_CONVERSION = YES;
				GCC_WARN_ABOUT_RETURN_TYPE = YES_ERROR;
				GCC_WARN_UNDECLARED_SELECTOR = YES;
				GCC_WARN_UNINITIALIZED_AUTOS = YES_AGGRESSIVE;
				GCC_WARN_UNUSED_FUNCTION = YES;
				GCC_WARN_UNUSED_VARIABLE = YES;
				IPHONEOS_DEPLOYMENT_TARGET = 16.4;
				MTL_ENABLE_DEBUG_INFO = NO;
				MTL_FAST_MATH = YES;
				SDKROOT = iphoneos;
				SWIFT_COMPILATION_MODE = wholemodule;
				SWIFT_OPTIMIZATION_LEVEL = "-O";
				VALIDATE_PRODUCT = YES;
			};
			name = Release;
		};
		E22F02892A38D45D00F371AE /* Debug */ = {
			isa = XCBuildConfiguration;
			buildSettings = {
				ASSETCATALOG_COMPILER_APPICON_NAME = AppIcon;
				ASSETCATALOG_COMPILER_GLOBAL_ACCENT_COLOR_NAME = AccentColor;
				CODE_SIGN_STYLE = Automatic;
				CURRENT_PROJECT_VERSION = 1;
				DEVELOPMENT_ASSET_PATHS = "\"MetaMatch/Preview Content\"";
				DEVELOPMENT_TEAM = 6T5TM74M42;
				ENABLE_PREVIEWS = YES;
				GENERATE_INFOPLIST_FILE = YES;
				INFOPLIST_KEY_UIApplicationSceneManifest_Generation = YES;
				INFOPLIST_KEY_UIApplicationSupportsIndirectInputEvents = YES;
				INFOPLIST_KEY_UILaunchScreen_Generation = YES;
				INFOPLIST_KEY_UISupportedInterfaceOrientations_iPad = "UIInterfaceOrientationPortrait UIInterfaceOrientationPortraitUpsideDown UIInterfaceOrientationLandscapeLeft UIInterfaceOrientationLandscapeRight";
				INFOPLIST_KEY_UISupportedInterfaceOrientations_iPhone = "UIInterfaceOrientationPortrait UIInterfaceOrientationLandscapeLeft UIInterfaceOrientationLandscapeRight";
				LD_RUNPATH_SEARCH_PATHS = (
					"$(inherited)",
					"@executable_path/Frameworks",
				);
				MARKETING_VERSION = 1.0;
				PRODUCT_BUNDLE_IDENTIFIER = com.niranjan.main.MetaMatch;
				PRODUCT_NAME = "$(TARGET_NAME)";
				SWIFT_EMIT_LOC_STRINGS = YES;
				SWIFT_VERSION = 5.0;
				TARGETED_DEVICE_FAMILY = "1,2";
			};
			name = Debug;
		};
		E22F028A2A38D45D00F371AE /* Release */ = {
			isa = XCBuildConfiguration;
			buildSettings = {
				ASSETCATALOG_COMPILER_APPICON_NAME = AppIcon;
				ASSETCATALOG_COMPILER_GLOBAL_ACCENT_COLOR_NAME = AccentColor;
				CODE_SIGN_STYLE = Automatic;
				CURRENT_PROJECT_VERSION = 1;
				DEVELOPMENT_ASSET_PATHS = "\"MetaMatch/Preview Content\"";
				DEVELOPMENT_TEAM = 6T5TM74M42;
				ENABLE_PREVIEWS = YES;
				GENERATE_INFOPLIST_FILE = YES;
				INFOPLIST_KEY_UIApplicationSceneManifest_Generation = YES;
				INFOPLIST_KEY_UIApplicationSupportsIndirectInputEvents = YES;
				INFOPLIST_KEY_UILaunchScreen_Generation = YES;
				INFOPLIST_KEY_UISupportedInterfaceOrientations_iPad = "UIInterfaceOrientationPortrait UIInterfaceOrientationPortraitUpsideDown UIInterfaceOrientationLandscapeLeft UIInterfaceOrientationLandscapeRight";
				INFOPLIST_KEY_UISupportedInterfaceOrientations_iPhone = "UIInterfaceOrientationPortrait UIInterfaceOrientationLandscapeLeft UIInterfaceOrientationLandscapeRight";
				LD_RUNPATH_SEARCH_PATHS = (
					"$(inherited)",
					"@executable_path/Frameworks",
				);
				MARKETING_VERSION = 1.0;
				PRODUCT_BUNDLE_IDENTIFIER = com.niranjan.main.MetaMatch;
				PRODUCT_NAME = "$(TARGET_NAME)";
				SWIFT_EMIT_LOC_STRINGS = YES;
				SWIFT_VERSION = 5.0;
				TARGETED_DEVICE_FAMILY = "1,2";
			};
			name = Release;
		};
		E22F028C2A38D45D00F371AE /* Debug */ = {
			isa = XCBuildConfiguration;
			buildSettings = {
				ALWAYS_EMBED_SWIFT_STANDARD_LIBRARIES = YES;
				BUNDLE_LOADER = "$(TEST_HOST)";
				CODE_SIGN_STYLE = Automatic;
				CURRENT_PROJECT_VERSION = 1;
				DEVELOPMENT_TEAM = 6T5TM74M42;
				GENERATE_INFOPLIST_FILE = YES;
				IPHONEOS_DEPLOYMENT_TARGET = 16.4;
				MARKETING_VERSION = 1.0;
				PRODUCT_BUNDLE_IDENTIFIER = com.niranjan.main.MetaMatchTests;
				PRODUCT_NAME = "$(TARGET_NAME)";
				SWIFT_EMIT_LOC_STRINGS = NO;
				SWIFT_VERSION = 5.0;
				TARGETED_DEVICE_FAMILY = "1,2";
				TEST_HOST = "$(BUILT_PRODUCTS_DIR)/MetaMatch.app/$(BUNDLE_EXECUTABLE_FOLDER_PATH)/MetaMatch";
			};
			name = Debug;
		};
		E22F028D2A38D45D00F371AE /* Release */ = {
			isa = XCBuildConfiguration;
			buildSettings = {
				ALWAYS_EMBED_SWIFT_STANDARD_LIBRARIES = YES;
				BUNDLE_LOADER = "$(TEST_HOST)";
				CODE_SIGN_STYLE = Automatic;
				CURRENT_PROJECT_VERSION = 1;
				DEVELOPMENT_TEAM = 6T5TM74M42;
				GENERATE_INFOPLIST_FILE = YES;
				IPHONEOS_DEPLOYMENT_TARGET = 16.4;
				MARKETING_VERSION = 1.0;
				PRODUCT_BUNDLE_IDENTIFIER = com.niranjan.main.MetaMatchTests;
				PRODUCT_NAME = "$(TARGET_NAME)";
				SWIFT_EMIT_LOC_STRINGS = NO;
				SWIFT_VERSION = 5.0;
				TARGETED_DEVICE_FAMILY = "1,2";
				TEST_HOST = "$(BUILT_PRODUCTS_DIR)/MetaMatch.app/$(BUNDLE_EXECUTABLE_FOLDER_PATH)/MetaMatch";
			};
			name = Release;
		};
		E22F028F2A38D45D00F371AE /* Debug */ = {
			isa = XCBuildConfiguration;
			buildSettings = {
				ALWAYS_EMBED_SWIFT_STANDARD_LIBRARIES = YES;
				CODE_SIGN_STYLE = Automatic;
				CURRENT_PROJECT_VERSION = 1;
				DEVELOPMENT_TEAM = 6T5TM74M42;
				GENERATE_INFOPLIST_FILE = YES;
				MARKETING_VERSION = 1.0;
				PRODUCT_BUNDLE_IDENTIFIER = com.niranjan.main.MetaMatchUITests;
				PRODUCT_NAME = "$(TARGET_NAME)";
				SWIFT_EMIT_LOC_STRINGS = NO;
				SWIFT_VERSION = 5.0;
				TARGETED_DEVICE_FAMILY = "1,2";
				TEST_TARGET_NAME = MetaMatch;
			};
			name = Debug;
		};
		E22F02902A38D45D00F371AE /* Release */ = {
			isa = XCBuildConfiguration;
			buildSettings = {
				ALWAYS_EMBED_SWIFT_STANDARD_LIBRARIES = YES;
				CODE_SIGN_STYLE = Automatic;
				CURRENT_PROJECT_VERSION = 1;
				DEVELOPMENT_TEAM = 6T5TM74M42;
				GENERATE_INFOPLIST_FILE = YES;
				MARKETING_VERSION = 1.0;
				PRODUCT_BUNDLE_IDENTIFIER = com.niranjan.main.MetaMatchUITests;
				PRODUCT_NAME = "$(TARGET_NAME)";
				SWIFT_EMIT_LOC_STRINGS = NO;
				SWIFT_VERSION = 5.0;
				TARGETED_DEVICE_FAMILY = "1,2";
				TEST_TARGET_NAME = MetaMatch;
			};
			name = Release;
		};
/* End XCBuildConfiguration section */

/* Begin XCConfigurationList section */
		E22F025F2A38D45B00F371AE /* Build configuration list for PBXProject "MetaMatch" */ = {
			isa = XCConfigurationList;
			buildConfigurations = (
				E22F02862A38D45D00F371AE /* Debug */,
				E22F02872A38D45D00F371AE /* Release */,
			);
			defaultConfigurationIsVisible = 0;
			defaultConfigurationName = Release;
		};
		E22F02882A38D45D00F371AE /* Build configuration list for PBXNativeTarget "MetaMatch" */ = {
			isa = XCConfigurationList;
			buildConfigurations = (
				E22F02892A38D45D00F371AE /* Debug */,
				E22F028A2A38D45D00F371AE /* Release */,
			);
			defaultConfigurationIsVisible = 0;
			defaultConfigurationName = Release;
		};
		E22F028B2A38D45D00F371AE /* Build configuration list for PBXNativeTarget "MetaMatchTests" */ = {
			isa = XCConfigurationList;
			buildConfigurations = (
				E22F028C2A38D45D00F371AE /* Debug */,
				E22F028D2A38D45D00F371AE /* Release */,
			);
			defaultConfigurationIsVisible = 0;
			defaultConfigurationName = Release;
		};
		E22F028E2A38D45D00F371AE /* Build configuration list for PBXNativeTarget "MetaMatchUITests" */ = {
			isa = XCConfigurationList;
			buildConfigurations = (
				E22F028F2A38D45D00F371AE /* Debug */,
				E22F02902A38D45D00F371AE /* Release */,
			);
			defaultConfigurationIsVisible = 0;
			defaultConfigurationName = Release;
		};
/* End XCConfigurationList section */
	};
	rootObject = E22F025C2A38D45B00F371AE /* Project object */;
}
